
Microsoft Visual Studio Solution File, Format Version 12.00
# Visual Studio Version 16
VisualStudioVersion = 16.0.29102.190
MinimumVisualStudioVersion = 10.0.40219.1
Project("{9A19103F-16F7-4668-BE54-9A1E7A4F7556}") = "E-Konsulat.Worker", "E-Konsulat.Worker\E-Konsulat.Worker.csproj", "{725C5668-AEF2-42C0-9375-A1D0A6CF86B6}"
EndProject
Project("{9A19103F-16F7-4668-BE54-9A1E7A4F7556}") = "E-Konsulat.Infrastructure", "E-Konsulat.Infrastructure\E-Konsulat.Infrastructure.csproj", "{A2227821-D8B6-44C9-BC73-AAF0CFEB821F}"
EndProject
Project("{9A19103F-16F7-4668-BE54-9A1E7A4F7556}") = "E-Konsulat.Domain", "E-Konsulat.Domain\E-Konsulat.Domain.csproj", "{6A1D839B-4162-466D-8908-B1CD0F020382}"
EndProject
Project("{FAE04EC0-301F-11D3-BF4B-00C04F79EFBC}") = "E-Konsulat.Application", "E-Konsulat.Application\E-Konsulat.Application.csproj", "{A04AAE4A-B590-4E5E-8EDA-9B8BD0362E6A}"
EndProject
Global
	GlobalSection(SolutionConfigurationPlatforms) = preSolution
		Debug|Any CPU = Debug|Any CPU
		Release|Any CPU = Release|Any CPU
	EndGlobalSection
	GlobalSection(ProjectConfigurationPlatforms) = postSolution
		{725C5668-AEF2-42C0-9375-A1D0A6CF86B6}.Debug|Any CPU.ActiveCfg = Debug|Any CPU
		{725C5668-AEF2-42C0-9375-A1D0A6CF86B6}.Debug|Any CPU.Build.0 = Debug|Any CPU
		{725C5668-AEF2-42C0-9375-A1D0A6CF86B6}.Release|Any CPU.ActiveCfg = Release|Any CPU
		{725C5668-AEF2-42C0-9375-A1D0A6CF86B6}.Release|Any CPU.Build.0 = Release|Any CPU
		{A2227821-D8B6-44C9-BC73-AAF0CFEB821F}.Debug|Any CPU.ActiveCfg = Debug|Any CPU
		{A2227821-D8B6-44C9-BC73-AAF0CFEB821F}.Debug|Any CPU.Build.0 = Debug|Any CPU
		{A2227821-D8B6-44C9-BC73-AAF0CFEB821F}.Release|Any CPU.ActiveCfg = Release|Any CPU
		{A2227821-D8B6-44C9-BC73-AAF0CFEB821F}.Release|Any CPU.Build.0 = Release|Any CPU
		{6A1D839B-4162-466D-8908-B1CD0F020382}.Debug|Any CPU.ActiveCfg = Debug|Any CPU
		{6A1D839B-4162-466D-8908-B1CD0F020382}.Debug|Any CPU.Build.0 = Debug|Any CPU
		{6A1D839B-4162-466D-8908-B1CD0F020382}.Release|Any CPU.ActiveCfg = Release|Any CPU
		{6A1D839B-4162-466D-8908-B1CD0F020382}.Release|Any CPU.Build.0 = Release|Any CPU
		{A04AAE4A-B590-4E5E-8EDA-9B8BD0362E6A}.Debug|Any CPU.ActiveCfg = Debug|Any CPU
		{A04AAE4A-B590-4E5E-8EDA-9B8BD0362E6A}.Debug|Any CPU.Build.0 = Debug|Any CPU
		{A04AAE4A-B590-4E5E-8EDA-9B8BD0362E6A}.Release|Any CPU.ActiveCfg = Release|Any CPU
		{A04AAE4A-B590-4E5E-8EDA-9B8BD0362E6A}.Release|Any CPU.Build.0 = Release|Any CPU
	EndGlobalSection
	GlobalSection(SolutionProperties) = preSolution
		HideSolutionNode = FALSE
	EndGlobalSection
	GlobalSection(ExtensibilityGlobals) = postSolution
		SolutionGuid = {4D69714D-ED78-4D28-A797-3EC9E1A32C24}
	EndGlobalSection
EndGlobal
